
Microsoft Visual Studio Solution File, Format Version 12.00
# Visual Studio Version 16
VisualStudioVersion = 16.0.31727.386
MinimumVisualStudioVersion = 10.0.40219.1
Project("{FAE04EC0-301F-11D3-BF4B-00C04F79EFBC}") = "CarServiceApp", "CarServiceApp.csproj", "{FAA4D5E2-9763-42BB-89E6-257DF15E8288}"
EndProject
Global
	GlobalSection(SolutionConfigurationPlatforms) = preSolution
		Debug|Any CPU = Debug|Any CPU
		Release|Any CPU = Release|Any CPU
	EndGlobalSection
	GlobalSection(ProjectConfigurationPlatforms) = postSolution
		{FAA4D5E2-9763-42BB-89E6-257DF15E8288}.Debug|Any CPU.ActiveCfg = Debug|Any CPU
		{FAA4D5E2-9763-42BB-89E6-257DF15E8288}.Debug|Any CPU.Build.0 = Debug|Any CPU
		{FAA4D5E2-9763-42BB-89E6-257DF15E8288}.Release|Any CPU.ActiveCfg = Release|Any CPU
		{FAA4D5E2-9763-42BB-89E6-257DF15E8288}.Release|Any CPU.Build.0 = Release|Any CPU
	EndGlobalSection
	GlobalSection(SolutionProperties) = preSolution
		HideSolutionNode = FALSE
	EndGlobalSection
	GlobalSection(ExtensibilityGlobals) = postSolution
		SolutionGuid = {D17242AD-5177-4CB2-9E32-1E16A2FABDFA}
	EndGlobalSection
EndGlobal
